
Microsoft Visual Studio Solution File, Format Version 12.00
# Visual Studio 15
VisualStudioVersion = 15.0.26114.2
MinimumVisualStudioVersion = 10.0.40219.1
Project("{FAE04EC0-301F-11D3-BF4B-00C04F79EFBC}") = "AnnoModificationManager4", "src\AnnoModificationManager4\AnnoModificationManager4.csproj", "{579D60F0-65BD-4577-B3D2-A9C80B7D9BAA}"
EndProject
Project("{FAE04EC0-301F-11D3-BF4B-00C04F79EFBC}") = "RDAExplorer", "src\RDAExplorer\RDAExplorer.csproj", "{F06F4391-E2ED-4C09-B671-D00871CC5F1D}"
EndProject
Project("{FAE04EC0-301F-11D3-BF4B-00C04F79EFBC}") = "RDAExplorerGUI", "src\RDAExplorerGUI\RDAExplorerGUI.csproj", "{3B1A9A09-E799-467C-A5C9-8BDB9C7D6320}"
EndProject
Project("{FAE04EC0-301F-11D3-BF4B-00C04F79EFBC}") = "FileDBGenerator", "src\FileDBGenerator\FileDBGenerator.csproj", "{6CA8BB38-4BFA-4289-96ED-9979203DDFDF}"
EndProject
Project("{2150E333-8FDC-42A3-9474-1A3956D46DE8}") = "lib", "lib", "{A9D54492-F176-4DED-AEED-FBF89CD438D9}"
EndProject
Project("{FAE04EC0-301F-11D3-BF4B-00C04F79EFBC}") = "ManyConsole", "lib\ManyConsole\ManyConsole.csproj", "{FE2D5BCF-1098-48A4-A6F4-FEBEFA9026D7}"
EndProject
Project("{FAE04EC0-301F-11D3-BF4B-00C04F79EFBC}") = "NDesk.Options", "lib\NDesk.Options\NDesk.Options.csproj", "{9B3FE5F8-D3A5-48D2-9783-2D848902F9DF}"
EndProject
Project("{2150E333-8FDC-42A3-9474-1A3956D46DE8}") = "src", "src", "{22419519-749F-4511-BDC4-FF452ADFF9E2}"
EndProject
Project("{FAE04EC0-301F-11D3-BF4B-00C04F79EFBC}") = "FileDBTool", "src\FileDBTool\FileDBTool.csproj", "{0105B731-5545-4C48-979F-D39286C7D008}"
EndProject
Project("{2150E333-8FDC-42A3-9474-1A3956D46DE8}") = "AnnoRDA", "AnnoRDA", "{4DD2AE2C-EA05-4A8C-BA5B-A15FC409A191}"
EndProject
Project("{FAE04EC0-301F-11D3-BF4B-00C04F79EFBC}") = "AnnoRDA", "lib\AnnoRDA\AnnoRDA\AnnoRDA.csproj", "{72F528EF-A46D-448A-A856-C4718D6AD57F}"
EndProject
Project("{FAE04EC0-301F-11D3-BF4B-00C04F79EFBC}") = "AnnoRDA.FileDB", "lib\AnnoRDA\AnnoRDA.FileDB\AnnoRDA.FileDB.csproj", "{7E632388-82B6-46FA-AC73-1758B79391BD}"
EndProject
Project("{FAE04EC0-301F-11D3-BF4B-00C04F79EFBC}") = "AnnoRDA.Tests", "lib\AnnoRDA\AnnoRDA.Tests\AnnoRDA.Tests.csproj", "{5D34A542-E55E-4FBA-B3D8-26C3BC3244F9}"
EndProject
Global
	GlobalSection(SolutionConfigurationPlatforms) = preSolution
		Debug|Any CPU = Debug|Any CPU
		Release|Any CPU = Release|Any CPU
	EndGlobalSection
	GlobalSection(ProjectConfigurationPlatforms) = postSolution
		{579D60F0-65BD-4577-B3D2-A9C80B7D9BAA}.Debug|Any CPU.ActiveCfg = Debug|Any CPU
		{579D60F0-65BD-4577-B3D2-A9C80B7D9BAA}.Debug|Any CPU.Build.0 = Debug|Any CPU
		{579D60F0-65BD-4577-B3D2-A9C80B7D9BAA}.Release|Any CPU.ActiveCfg = Release|Any CPU
		{579D60F0-65BD-4577-B3D2-A9C80B7D9BAA}.Release|Any CPU.Build.0 = Release|Any CPU
		{F06F4391-E2ED-4C09-B671-D00871CC5F1D}.Debug|Any CPU.ActiveCfg = Debug|Any CPU
		{F06F4391-E2ED-4C09-B671-D00871CC5F1D}.Debug|Any CPU.Build.0 = Debug|Any CPU
		{F06F4391-E2ED-4C09-B671-D00871CC5F1D}.Release|Any CPU.ActiveCfg = Release|Any CPU
		{F06F4391-E2ED-4C09-B671-D00871CC5F1D}.Release|Any CPU.Build.0 = Release|Any CPU
		{3B1A9A09-E799-467C-A5C9-8BDB9C7D6320}.Debug|Any CPU.ActiveCfg = Debug|Any CPU
		{3B1A9A09-E799-467C-A5C9-8BDB9C7D6320}.Debug|Any CPU.Build.0 = Debug|Any CPU
		{3B1A9A09-E799-467C-A5C9-8BDB9C7D6320}.Release|Any CPU.ActiveCfg = Release|Any CPU
		{3B1A9A09-E799-467C-A5C9-8BDB9C7D6320}.Release|Any CPU.Build.0 = Release|Any CPU
		{6CA8BB38-4BFA-4289-96ED-9979203DDFDF}.Debug|Any CPU.ActiveCfg = Debug|Any CPU
		{6CA8BB38-4BFA-4289-96ED-9979203DDFDF}.Debug|Any CPU.Build.0 = Debug|Any CPU
		{6CA8BB38-4BFA-4289-96ED-9979203DDFDF}.Release|Any CPU.ActiveCfg = Release|Any CPU
		{6CA8BB38-4BFA-4289-96ED-9979203DDFDF}.Release|Any CPU.Build.0 = Release|Any CPU
		{FE2D5BCF-1098-48A4-A6F4-FEBEFA9026D7}.Debug|Any CPU.ActiveCfg = Debug|Any CPU
		{FE2D5BCF-1098-48A4-A6F4-FEBEFA9026D7}.Debug|Any CPU.Build.0 = Debug|Any CPU
		{FE2D5BCF-1098-48A4-A6F4-FEBEFA9026D7}.Release|Any CPU.ActiveCfg = Release|Any CPU
		{FE2D5BCF-1098-48A4-A6F4-FEBEFA9026D7}.Release|Any CPU.Build.0 = Release|Any CPU
		{9B3FE5F8-D3A5-48D2-9783-2D848902F9DF}.Debug|Any CPU.ActiveCfg = Debug|Any CPU
		{9B3FE5F8-D3A5-48D2-9783-2D848902F9DF}.Debug|Any CPU.Build.0 = Debug|Any CPU
		{9B3FE5F8-D3A5-48D2-9783-2D848902F9DF}.Release|Any CPU.ActiveCfg = Release|Any CPU
		{9B3FE5F8-D3A5-48D2-9783-2D848902F9DF}.Release|Any CPU.Build.0 = Release|Any CPU
		{0105B731-5545-4C48-979F-D39286C7D008}.Debug|Any CPU.ActiveCfg = Debug|Any CPU
		{0105B731-5545-4C48-979F-D39286C7D008}.Debug|Any CPU.Build.0 = Debug|Any CPU
		{0105B731-5545-4C48-979F-D39286C7D008}.Release|Any CPU.ActiveCfg = Release|Any CPU
		{0105B731-5545-4C48-979F-D39286C7D008}.Release|Any CPU.Build.0 = Release|Any CPU
		{72F528EF-A46D-448A-A856-C4718D6AD57F}.Debug|Any CPU.ActiveCfg = Debug|Any CPU
		{72F528EF-A46D-448A-A856-C4718D6AD57F}.Debug|Any CPU.Build.0 = Debug|Any CPU
		{72F528EF-A46D-448A-A856-C4718D6AD57F}.Release|Any CPU.ActiveCfg = Release|Any CPU
		{72F528EF-A46D-448A-A856-C4718D6AD57F}.Release|Any CPU.Build.0 = Release|Any CPU
		{7E632388-82B6-46FA-AC73-1758B79391BD}.Debug|Any CPU.ActiveCfg = Debug|Any CPU
		{7E632388-82B6-46FA-AC73-1758B79391BD}.Debug|Any CPU.Build.0 = Debug|Any CPU
		{7E632388-82B6-46FA-AC73-1758B79391BD}.Release|Any CPU.ActiveCfg = Release|Any CPU
		{7E632388-82B6-46FA-AC73-1758B79391BD}.Release|Any CPU.Build.0 = Release|Any CPU
		{5D34A542-E55E-4FBA-B3D8-26C3BC3244F9}.Debug|Any CPU.ActiveCfg = Debug|Any CPU
		{5D34A542-E55E-4FBA-B3D8-26C3BC3244F9}.Debug|Any CPU.Build.0 = Debug|Any CPU
		{5D34A542-E55E-4FBA-B3D8-26C3BC3244F9}.Release|Any CPU.ActiveCfg = Release|Any CPU
		{5D34A542-E55E-4FBA-B3D8-26C3BC3244F9}.Release|Any CPU.Build.0 = Release|Any CPU
	EndGlobalSection
	GlobalSection(SolutionProperties) = preSolution
		HideSolutionNode = FALSE
	EndGlobalSection
	GlobalSection(NestedProjects) = preSolution
		{579D60F0-65BD-4577-B3D2-A9C80B7D9BAA} = {22419519-749F-4511-BDC4-FF452ADFF9E2}
		{F06F4391-E2ED-4C09-B671-D00871CC5F1D} = {22419519-749F-4511-BDC4-FF452ADFF9E2}
		{3B1A9A09-E799-467C-A5C9-8BDB9C7D6320} = {22419519-749F-4511-BDC4-FF452ADFF9E2}
		{6CA8BB38-4BFA-4289-96ED-9979203DDFDF} = {22419519-749F-4511-BDC4-FF452ADFF9E2}
		{FE2D5BCF-1098-48A4-A6F4-FEBEFA9026D7} = {A9D54492-F176-4DED-AEED-FBF89CD438D9}
		{9B3FE5F8-D3A5-48D2-9783-2D848902F9DF} = {A9D54492-F176-4DED-AEED-FBF89CD438D9}
		{0105B731-5545-4C48-979F-D39286C7D008} = {22419519-749F-4511-BDC4-FF452ADFF9E2}
		{4DD2AE2C-EA05-4A8C-BA5B-A15FC409A191} = {A9D54492-F176-4DED-AEED-FBF89CD438D9}
		{72F528EF-A46D-448A-A856-C4718D6AD57F} = {4DD2AE2C-EA05-4A8C-BA5B-A15FC409A191}
		{7E632388-82B6-46FA-AC73-1758B79391BD} = {4DD2AE2C-EA05-4A8C-BA5B-A15FC409A191}
		{5D34A542-E55E-4FBA-B3D8-26C3BC3244F9} = {4DD2AE2C-EA05-4A8C-BA5B-A15FC409A191}
	EndGlobalSection
	GlobalSection(ExtensibilityGlobals) = postSolution
		SolutionGuid = {1C21BC5A-1F9B-4237-8152-0379CE43DBB5}
	EndGlobalSection
EndGlobal
