
Microsoft Visual Studio Solution File, Format Version 12.00
# Visual Studio 14
VisualStudioVersion = 14.0.25420.1
MinimumVisualStudioVersion = 10.0.40219.1
Project("{8BB2217D-0F2D-49D1-97BC-3654ED321F3B}") = "FileDBTool", "src\FileDBTool\FileDBTool.xproj", "{131EB337-740B-4B95-8339-BC78EAB40EAC}"
EndProject
Project("{8BB2217D-0F2D-49D1-97BC-3654ED321F3B}") = "AnnoRDA", "lib\AnnoRDA\AnnoRDA\AnnoRDA.xproj", "{1E83CECB-5421-4F96-A947-60CF1F875C61}"
EndProject
Project("{8BB2217D-0F2D-49D1-97BC-3654ED321F3B}") = "ManyConsole", "lib\ManyConsole\ManyConsole.xproj", "{4413935B-45F8-479F-9082-80A36E7E4647}"
EndProject
Project("{8BB2217D-0F2D-49D1-97BC-3654ED321F3B}") = "NDesk.Options", "lib\NDesk.Options\NDesk.Options.xproj", "{D5755DBE-760B-4D6D-8767-675E6CFFB4AA}"
EndProject
Project("{FAE04EC0-301F-11D3-BF4B-00C04F79EFBC}") = "AnnoModificationManager4", "src\AnnoModificationManager4\AnnoModificationManager4.csproj", "{579D60F0-65BD-4577-B3D2-A9C80B7D9BAA}"
EndProject
Project("{FAE04EC0-301F-11D3-BF4B-00C04F79EFBC}") = "RDAExplorer", "src\RDAExplorer\RDAExplorer.csproj", "{F06F4391-E2ED-4C09-B671-D00871CC5F1D}"
EndProject
Project("{FAE04EC0-301F-11D3-BF4B-00C04F79EFBC}") = "RDAExplorerGUI", "src\RDAExplorerGUI\RDAExplorerGUI.csproj", "{3B1A9A09-E799-467C-A5C9-8BDB9C7D6320}"
EndProject
Project("{8BB2217D-0F2D-49D1-97BC-3654ED321F3B}") = "AnnoRDA.Tests", "lib\AnnoRDA\AnnoRDA.Tests\AnnoRDA.Tests.xproj", "{BE14529F-9793-4058-8DB8-0A10E3DC6D7E}"
EndProject
Project("{8BB2217D-0F2D-49D1-97BC-3654ED321F3B}") = "AnnoRDA.FileDB", "lib\AnnoRDA\AnnoRDA.FileDB\AnnoRDA.FileDB.xproj", "{2CEBA3E5-19A7-428E-BEA6-65BE4B3DBCD4}"
EndProject
Project("{FAE04EC0-301F-11D3-BF4B-00C04F79EFBC}") = "FileDBGenerator", "src\FileDBGenerator\FileDBGenerator.csproj", "{6CA8BB38-4BFA-4289-96ED-9979203DDFDF}"
	ProjectSection(ProjectDependencies) = postProject
		{1E83CECB-5421-4F96-A947-60CF1F875C61} = {1E83CECB-5421-4F96-A947-60CF1F875C61}
		{2CEBA3E5-19A7-428E-BEA6-65BE4B3DBCD4} = {2CEBA3E5-19A7-428E-BEA6-65BE4B3DBCD4}
	EndProjectSection
EndProject
Global
	GlobalSection(SolutionConfigurationPlatforms) = preSolution
		Debug|Any CPU = Debug|Any CPU
		Release|Any CPU = Release|Any CPU
	EndGlobalSection
	GlobalSection(ProjectConfigurationPlatforms) = postSolution
		{131EB337-740B-4B95-8339-BC78EAB40EAC}.Debug|Any CPU.ActiveCfg = Debug|Any CPU
		{131EB337-740B-4B95-8339-BC78EAB40EAC}.Debug|Any CPU.Build.0 = Debug|Any CPU
		{131EB337-740B-4B95-8339-BC78EAB40EAC}.Release|Any CPU.ActiveCfg = Release|Any CPU
		{131EB337-740B-4B95-8339-BC78EAB40EAC}.Release|Any CPU.Build.0 = Release|Any CPU
		{1E83CECB-5421-4F96-A947-60CF1F875C61}.Debug|Any CPU.ActiveCfg = Debug|Any CPU
		{1E83CECB-5421-4F96-A947-60CF1F875C61}.Debug|Any CPU.Build.0 = Debug|Any CPU
		{1E83CECB-5421-4F96-A947-60CF1F875C61}.Release|Any CPU.ActiveCfg = Release|Any CPU
		{1E83CECB-5421-4F96-A947-60CF1F875C61}.Release|Any CPU.Build.0 = Release|Any CPU
		{4413935B-45F8-479F-9082-80A36E7E4647}.Debug|Any CPU.ActiveCfg = Debug|Any CPU
		{4413935B-45F8-479F-9082-80A36E7E4647}.Debug|Any CPU.Build.0 = Debug|Any CPU
		{4413935B-45F8-479F-9082-80A36E7E4647}.Release|Any CPU.ActiveCfg = Release|Any CPU
		{4413935B-45F8-479F-9082-80A36E7E4647}.Release|Any CPU.Build.0 = Release|Any CPU
		{D5755DBE-760B-4D6D-8767-675E6CFFB4AA}.Debug|Any CPU.ActiveCfg = Debug|Any CPU
		{D5755DBE-760B-4D6D-8767-675E6CFFB4AA}.Debug|Any CPU.Build.0 = Debug|Any CPU
		{D5755DBE-760B-4D6D-8767-675E6CFFB4AA}.Release|Any CPU.ActiveCfg = Release|Any CPU
		{D5755DBE-760B-4D6D-8767-675E6CFFB4AA}.Release|Any CPU.Build.0 = Release|Any CPU
		{579D60F0-65BD-4577-B3D2-A9C80B7D9BAA}.Debug|Any CPU.ActiveCfg = Debug|Any CPU
		{579D60F0-65BD-4577-B3D2-A9C80B7D9BAA}.Debug|Any CPU.Build.0 = Debug|Any CPU
		{579D60F0-65BD-4577-B3D2-A9C80B7D9BAA}.Release|Any CPU.ActiveCfg = Release|Any CPU
		{579D60F0-65BD-4577-B3D2-A9C80B7D9BAA}.Release|Any CPU.Build.0 = Release|Any CPU
		{F06F4391-E2ED-4C09-B671-D00871CC5F1D}.Debug|Any CPU.ActiveCfg = Debug|Any CPU
		{F06F4391-E2ED-4C09-B671-D00871CC5F1D}.Debug|Any CPU.Build.0 = Debug|Any CPU
		{F06F4391-E2ED-4C09-B671-D00871CC5F1D}.Release|Any CPU.ActiveCfg = Release|Any CPU
		{F06F4391-E2ED-4C09-B671-D00871CC5F1D}.Release|Any CPU.Build.0 = Release|Any CPU
		{3B1A9A09-E799-467C-A5C9-8BDB9C7D6320}.Debug|Any CPU.ActiveCfg = Debug|Any CPU
		{3B1A9A09-E799-467C-A5C9-8BDB9C7D6320}.Debug|Any CPU.Build.0 = Debug|Any CPU
		{3B1A9A09-E799-467C-A5C9-8BDB9C7D6320}.Release|Any CPU.ActiveCfg = Release|Any CPU
		{3B1A9A09-E799-467C-A5C9-8BDB9C7D6320}.Release|Any CPU.Build.0 = Release|Any CPU
		{BE14529F-9793-4058-8DB8-0A10E3DC6D7E}.Debug|Any CPU.ActiveCfg = Debug|Any CPU
		{BE14529F-9793-4058-8DB8-0A10E3DC6D7E}.Debug|Any CPU.Build.0 = Debug|Any CPU
		{BE14529F-9793-4058-8DB8-0A10E3DC6D7E}.Release|Any CPU.ActiveCfg = Release|Any CPU
		{BE14529F-9793-4058-8DB8-0A10E3DC6D7E}.Release|Any CPU.Build.0 = Release|Any CPU
		{2CEBA3E5-19A7-428E-BEA6-65BE4B3DBCD4}.Debug|Any CPU.ActiveCfg = Debug|Any CPU
		{2CEBA3E5-19A7-428E-BEA6-65BE4B3DBCD4}.Debug|Any CPU.Build.0 = Debug|Any CPU
		{2CEBA3E5-19A7-428E-BEA6-65BE4B3DBCD4}.Release|Any CPU.ActiveCfg = Release|Any CPU
		{2CEBA3E5-19A7-428E-BEA6-65BE4B3DBCD4}.Release|Any CPU.Build.0 = Release|Any CPU
		{6CA8BB38-4BFA-4289-96ED-9979203DDFDF}.Debug|Any CPU.ActiveCfg = Debug|Any CPU
		{6CA8BB38-4BFA-4289-96ED-9979203DDFDF}.Debug|Any CPU.Build.0 = Debug|Any CPU
		{6CA8BB38-4BFA-4289-96ED-9979203DDFDF}.Release|Any CPU.ActiveCfg = Release|Any CPU
		{6CA8BB38-4BFA-4289-96ED-9979203DDFDF}.Release|Any CPU.Build.0 = Release|Any CPU
	EndGlobalSection
	GlobalSection(SolutionProperties) = preSolution
		HideSolutionNode = FALSE
	EndGlobalSection
EndGlobal
